
Microsoft Visual Studio Solution File, Format Version 12.00
# Visual Studio Version 17
VisualStudioVersion = 17.5.002.0
MinimumVisualStudioVersion = 10.0.40219.1
Project("{9A19103F-16F7-4668-BE54-9A1E7A4F7556}") = "af-dotnet-isolated-durable-entities", "af-dotnet-isolated-durable-entities.csproj", "{FCB5FC49-9686-4213-B190-505C9E5F1E6B}"
EndProject
Global
	GlobalSection(SolutionConfigurationPlatforms) = preSolution
		Debug|Any CPU = Debug|Any CPU
		Release|Any CPU = Release|Any CPU
	EndGlobalSection
	GlobalSection(ProjectConfigurationPlatforms) = postSolution
		{FCB5FC49-9686-4213-B190-505C9E5F1E6B}.Debug|Any CPU.ActiveCfg = Debug|Any CPU
		{FCB5FC49-9686-4213-B190-505C9E5F1E6B}.Debug|Any CPU.Build.0 = Debug|Any CPU
		{FCB5FC49-9686-4213-B190-505C9E5F1E6B}.Release|Any CPU.ActiveCfg = Release|Any CPU
		{FCB5FC49-9686-4213-B190-505C9E5F1E6B}.Release|Any CPU.Build.0 = Release|Any CPU
	EndGlobalSection
	GlobalSection(SolutionProperties) = preSolution
		HideSolutionNode = FALSE
	EndGlobalSection
	GlobalSection(ExtensibilityGlobals) = postSolution
		SolutionGuid = {CEE55F88-8587-4F19-B8B4-6CC3218D00DA}
	EndGlobalSection
EndGlobal
